
Microsoft Visual Studio Solution File, Format Version 12.00
Project("{FAE04EC0-301F-11D3-BF4B-00C04F79EFBC}") = "judgments", "judgments.csproj", "{B5C479C4-D014-4907-849D-4586E2391BB9}"
EndProject
Project("{FAE04EC0-301F-11D3-BF4B-00C04F79EFBC}") = "test", "test\test.csproj", "{85CB8964-A64D-4E4D-B601-327DEF2FEC50}"
EndProject
Project("{FAE04EC0-301F-11D3-BF4B-00C04F79EFBC}") = "backlog", "backlog\backlog.csproj", "{2DD8E728-54D6-4108-B87F-FAE1D1F2CB9F}"
EndProject
Project("{FAE04EC0-301F-11D3-BF4B-00C04F79EFBC}") = "TRE", "TRE\TRE.csproj", "{834B6D33-226F-4B4B-8238-B72EE2C69268}"
EndProject
Project("{FAE04EC0-301F-11D3-BF4B-00C04F79EFBC}") = "NationalArchives.FindCaseLaw.Utils", "NationalArchives.FindCaseLaw.Utils\NationalArchives.FindCaseLaw.Utils.csproj", "{A4C6A9AD-18CE-4148-92D7-C775E5A037D7}"
EndProject
Project("{FAE04EC0-301F-11D3-BF4B-00C04F79EFBC}") = "NationalArchives.FindCaseLaw.Utils.Tests", "NationalArchives.FindCaseLaw.Utils.Tests\NationalArchives.FindCaseLaw.Utils.Tests.csproj", "{71CDCE91-15EF-4940-AA5D-B69A45D9EEA5}"
EndProject
Project("{2150E333-8FDC-42A3-9474-1A3956D46DE8}") = "Tests", "Tests", "{331C8B2C-78E9-4DA8-9773-0A26D916824C}"
EndProject
Project("{2150E333-8FDC-42A3-9474-1A3956D46DE8}") = "Src", "Src", "{C9AEC28E-A5F7-46A4-B201-C592D0F9EDB1}"
EndProject
Global
	GlobalSection(SolutionConfigurationPlatforms) = preSolution
		Debug|Any CPU = Debug|Any CPU
		Release|Any CPU = Release|Any CPU
	EndGlobalSection
	GlobalSection(ProjectConfigurationPlatforms) = postSolution
		{B5C479C4-D014-4907-849D-4586E2391BB9}.Debug|Any CPU.ActiveCfg = Debug|Any CPU
		{B5C479C4-D014-4907-849D-4586E2391BB9}.Debug|Any CPU.Build.0 = Debug|Any CPU
		{B5C479C4-D014-4907-849D-4586E2391BB9}.Release|Any CPU.ActiveCfg = Release|Any CPU
		{B5C479C4-D014-4907-849D-4586E2391BB9}.Release|Any CPU.Build.0 = Release|Any CPU
		{85CB8964-A64D-4E4D-B601-327DEF2FEC50}.Debug|Any CPU.ActiveCfg = Debug|Any CPU
		{85CB8964-A64D-4E4D-B601-327DEF2FEC50}.Debug|Any CPU.Build.0 = Debug|Any CPU
		{85CB8964-A64D-4E4D-B601-327DEF2FEC50}.Release|Any CPU.ActiveCfg = Release|Any CPU
		{85CB8964-A64D-4E4D-B601-327DEF2FEC50}.Release|Any CPU.Build.0 = Release|Any CPU
		{2DD8E728-54D6-4108-B87F-FAE1D1F2CB9F}.Debug|Any CPU.ActiveCfg = Debug|Any CPU
		{2DD8E728-54D6-4108-B87F-FAE1D1F2CB9F}.Debug|Any CPU.Build.0 = Debug|Any CPU
		{2DD8E728-54D6-4108-B87F-FAE1D1F2CB9F}.Release|Any CPU.ActiveCfg = Release|Any CPU
		{2DD8E728-54D6-4108-B87F-FAE1D1F2CB9F}.Release|Any CPU.Build.0 = Release|Any CPU
		{834B6D33-226F-4B4B-8238-B72EE2C69268}.Debug|Any CPU.ActiveCfg = Debug|Any CPU
		{834B6D33-226F-4B4B-8238-B72EE2C69268}.Debug|Any CPU.Build.0 = Debug|Any CPU
		{834B6D33-226F-4B4B-8238-B72EE2C69268}.Release|Any CPU.ActiveCfg = Release|Any CPU
		{834B6D33-226F-4B4B-8238-B72EE2C69268}.Release|Any CPU.Build.0 = Release|Any CPU
		{A4C6A9AD-18CE-4148-92D7-C775E5A037D7}.Debug|Any CPU.ActiveCfg = Debug|Any CPU
		{A4C6A9AD-18CE-4148-92D7-C775E5A037D7}.Debug|Any CPU.Build.0 = Debug|Any CPU
		{A4C6A9AD-18CE-4148-92D7-C775E5A037D7}.Release|Any CPU.ActiveCfg = Release|Any CPU
		{A4C6A9AD-18CE-4148-92D7-C775E5A037D7}.Release|Any CPU.Build.0 = Release|Any CPU
		{71CDCE91-15EF-4940-AA5D-B69A45D9EEA5}.Debug|Any CPU.ActiveCfg = Debug|Any CPU
		{71CDCE91-15EF-4940-AA5D-B69A45D9EEA5}.Debug|Any CPU.Build.0 = Debug|Any CPU
		{71CDCE91-15EF-4940-AA5D-B69A45D9EEA5}.Release|Any CPU.ActiveCfg = Release|Any CPU
		{71CDCE91-15EF-4940-AA5D-B69A45D9EEA5}.Release|Any CPU.Build.0 = Release|Any CPU
	EndGlobalSection
	GlobalSection(NestedProjects) = preSolution
		{2DD8E728-54D6-4108-B87F-FAE1D1F2CB9F} = {C9AEC28E-A5F7-46A4-B201-C592D0F9EDB1}
		{B5C479C4-D014-4907-849D-4586E2391BB9} = {C9AEC28E-A5F7-46A4-B201-C592D0F9EDB1}
		{A4C6A9AD-18CE-4148-92D7-C775E5A037D7} = {C9AEC28E-A5F7-46A4-B201-C592D0F9EDB1}
		{71CDCE91-15EF-4940-AA5D-B69A45D9EEA5} = {331C8B2C-78E9-4DA8-9773-0A26D916824C}
		{85CB8964-A64D-4E4D-B601-327DEF2FEC50} = {331C8B2C-78E9-4DA8-9773-0A26D916824C}
		{834B6D33-226F-4B4B-8238-B72EE2C69268} = {C9AEC28E-A5F7-46A4-B201-C592D0F9EDB1}
	EndGlobalSection
EndGlobal
